
Microsoft Visual Studio Solution File, Format Version 12.00
# Visual Studio Version 17
VisualStudioVersion = 17.14.36511.14 d17.14
MinimumVisualStudioVersion = 10.0.40219.1
Project("{2150E333-8FDC-42A3-9474-1A3956D46DE8}") = "Task0", "Task0", "{36D591C7-65C7-A0D1-1CBC-10CDE441BDC8}"
EndProject
Project("{FAE04EC0-301F-11D3-BF4B-00C04F79EFBC}") = "Tyuiu.VikolAS.Sprint6.Task0.V24", "Tyuiu.VikolAS.Sprint6.Task0.V24\Tyuiu.VikolAS.Sprint6.Task0.V24.csproj", "{B7FF16DE-9ED4-409D-BAC9-6748B22BA4A2}"
EndProject
Project("{FAE04EC0-301F-11D3-BF4B-00C04F79EFBC}") = "Tyuiu.VikolAS.Sprint6.Task0.V24.Test", "Tyuiu.VikolAS.Sprint6.Task0.V24.Test\Tyuiu.VikolAS.Sprint6.Task0.V24.Test.csproj", "{7DBB5BE7-C1B3-4AD7-A94D-0ED724A27982}"
EndProject
Project("{FAE04EC0-301F-11D3-BF4B-00C04F79EFBC}") = "Tyuiu.VikolAS.Sprint6.Task0.V24.Lib", "Tyuiu.VikolAS.Sprint6.Task0.V24.Lib\Tyuiu.VikolAS.Sprint6.Task0.V24.Lib.csproj", "{CE3544CE-67C5-486D-BBCE-394111849CF1}"
EndProject
Global
	GlobalSection(SolutionConfigurationPlatforms) = preSolution
		Debug|Any CPU = Debug|Any CPU
		Release|Any CPU = Release|Any CPU
	EndGlobalSection
	GlobalSection(ProjectConfigurationPlatforms) = postSolution
		{B7FF16DE-9ED4-409D-BAC9-6748B22BA4A2}.Debug|Any CPU.ActiveCfg = Debug|Any CPU
		{B7FF16DE-9ED4-409D-BAC9-6748B22BA4A2}.Debug|Any CPU.Build.0 = Debug|Any CPU
		{B7FF16DE-9ED4-409D-BAC9-6748B22BA4A2}.Release|Any CPU.ActiveCfg = Release|Any CPU
		{B7FF16DE-9ED4-409D-BAC9-6748B22BA4A2}.Release|Any CPU.Build.0 = Release|Any CPU
		{7DBB5BE7-C1B3-4AD7-A94D-0ED724A27982}.Debug|Any CPU.ActiveCfg = Debug|Any CPU
		{7DBB5BE7-C1B3-4AD7-A94D-0ED724A27982}.Debug|Any CPU.Build.0 = Debug|Any CPU
		{7DBB5BE7-C1B3-4AD7-A94D-0ED724A27982}.Release|Any CPU.ActiveCfg = Release|Any CPU
		{7DBB5BE7-C1B3-4AD7-A94D-0ED724A27982}.Release|Any CPU.Build.0 = Release|Any CPU
		{CE3544CE-67C5-486D-BBCE-394111849CF1}.Debug|Any CPU.ActiveCfg = Debug|Any CPU
		{CE3544CE-67C5-486D-BBCE-394111849CF1}.Debug|Any CPU.Build.0 = Debug|Any CPU
		{CE3544CE-67C5-486D-BBCE-394111849CF1}.Release|Any CPU.ActiveCfg = Release|Any CPU
		{CE3544CE-67C5-486D-BBCE-394111849CF1}.Release|Any CPU.Build.0 = Release|Any CPU
	EndGlobalSection
	GlobalSection(SolutionProperties) = preSolution
		HideSolutionNode = FALSE
	EndGlobalSection
	GlobalSection(NestedProjects) = preSolution
		{B7FF16DE-9ED4-409D-BAC9-6748B22BA4A2} = {36D591C7-65C7-A0D1-1CBC-10CDE441BDC8}
		{7DBB5BE7-C1B3-4AD7-A94D-0ED724A27982} = {36D591C7-65C7-A0D1-1CBC-10CDE441BDC8}
		{CE3544CE-67C5-486D-BBCE-394111849CF1} = {36D591C7-65C7-A0D1-1CBC-10CDE441BDC8}
	EndGlobalSection
	GlobalSection(ExtensibilityGlobals) = postSolution
		SolutionGuid = {03EB846F-CCC4-4322-AC91-D82B2AB3E760}
	EndGlobalSection
EndGlobal
