
Microsoft Visual Studio Solution File, Format Version 12.00
# Visual Studio Version 17
VisualStudioVersion = 17.14.36511.14
MinimumVisualStudioVersion = 10.0.40219.1
Project("{2150E333-8FDC-42A3-9474-1A3956D46DE8}") = "Task0", "Task0", "{36D591C7-65C7-A0D1-1CBC-10CDE441BDC8}"
EndProject
Project("{FAE04EC0-301F-11D3-BF4B-00C04F79EFBC}") = "Tyuiu.VikolAS.Sprint6.Task0.V24", "Tyuiu.VikolAS.Sprint6.Task0.V24\Tyuiu.VikolAS.Sprint6.Task0.V24.csproj", "{B7FF16DE-9ED4-409D-BAC9-6748B22BA4A2}"
EndProject
Project("{FAE04EC0-301F-11D3-BF4B-00C04F79EFBC}") = "Tyuiu.VikolAS.Sprint6.Task0.V24.Test", "Tyuiu.VikolAS.Sprint6.Task0.V24.Test\Tyuiu.VikolAS.Sprint6.Task0.V24.Test.csproj", "{7DBB5BE7-C1B3-4AD7-A94D-0ED724A27982}"
EndProject
Project("{FAE04EC0-301F-11D3-BF4B-00C04F79EFBC}") = "Tyuiu.VikolAS.Sprint6.Task0.V24.Lib", "Tyuiu.VikolAS.Sprint6.Task0.V24.Lib\Tyuiu.VikolAS.Sprint6.Task0.V24.Lib.csproj", "{CE3544CE-67C5-486D-BBCE-394111849CF1}"
EndProject
Project("{2150E333-8FDC-42A3-9474-1A3956D46DE8}") = "Task1", "Task1", "{9EC3E9F1-7193-4484-BE48-BBE666CD9DBE}"
EndProject
Project("{FAE04EC0-301F-11D3-BF4B-00C04F79EFBC}") = "Tyuiu.VikolAS.Sprint6.Task1.V4", "Tyuiu.VikolAS.Sprint6.Task1.V4\Tyuiu.VikolAS.Sprint6.Task1.V4.csproj", "{D9E1F51C-F3C3-4AEE-8204-E64250AD5D9E}"
EndProject
Project("{FAE04EC0-301F-11D3-BF4B-00C04F79EFBC}") = "Tyuiu.VikolAS.Sprint6.Task1.V4.Lib", "Tyuiu.VikolAS.Sprint6.Task1.V4.Lib\Tyuiu.VikolAS.Sprint6.Task1.V4.Lib.csproj", "{BBA7E075-84E6-4E8B-9014-52AC2B0C0BFC}"
EndProject
Project("{FAE04EC0-301F-11D3-BF4B-00C04F79EFBC}") = "Tyuiu.VikolAS.Sprint6.Task1.V4.Test", "Tyuiu.VikolAS.Sprint6.Task1.V4.Test\Tyuiu.VikolAS.Sprint6.Task1.V4.Test.csproj", "{1A288CB0-6B45-4BCA-BA95-ABA2C4A6DA97}"
EndProject
Project("{2150E333-8FDC-42A3-9474-1A3956D46DE8}") = "Task2", "Task2", "{F5609882-44A8-42D1-A76F-07871B4F08AE}"
EndProject
Project("{FAE04EC0-301F-11D3-BF4B-00C04F79EFBC}") = "Tyuiu.VikolAS.Sprint6.Task2.V19", "Tyuiu.VikolAS.Sprint6.Task2.V19\Tyuiu.VikolAS.Sprint6.Task2.V19.csproj", "{591E26FF-5C8A-4729-A273-212834B22FC6}"
EndProject
Project("{FAE04EC0-301F-11D3-BF4B-00C04F79EFBC}") = "Tyuiu.VikolAS.Sprint6.Task2.V19.Lib", "Tyuiu.VikolAS.Sprint6.Task2.V19.Lib\Tyuiu.VikolAS.Sprint6.Task2.V19.Lib.csproj", "{D4833A69-BE65-41CB-AFC6-87E5A077F0AF}"
EndProject
Project("{FAE04EC0-301F-11D3-BF4B-00C04F79EFBC}") = "Tyuiu.VikolAS.Sprint6.Task2.V19.Test", "Tyuiu.VikolAS.Sprint6.Task2.V19.Test\Tyuiu.VikolAS.Sprint6.Task2.V19.Test.csproj", "{7B5DBB0D-61FF-45C6-9A9D-A2E2E12069A1}"
EndProject
Project("{2150E333-8FDC-42A3-9474-1A3956D46DE8}") = "Task3", "Task3", "{02EA681E-C7D8-13C7-8484-4AC65E1B71E8}"
EndProject
Project("{FAE04EC0-301F-11D3-BF4B-00C04F79EFBC}") = "Tyuiu.VikolAS.Sprint6.Task3.V29", "Tyuiu.VikolAS.Sprint6.Task3.V29\Tyuiu.VikolAS.Sprint6.Task3.V29.csproj", "{5083DC46-B024-48D9-AB46-C0EDD112E632}"
EndProject
Project("{FAE04EC0-301F-11D3-BF4B-00C04F79EFBC}") = "Tyuiu.VikolAS.Sprint6.Task3.V29.Lib", "Tyuiu.VikolAS.Sprint6.Task3.V29.Lib\Tyuiu.VikolAS.Sprint6.Task3.V29.Lib.csproj", "{ED733424-27CA-435B-8C95-3E3AC6492440}"
EndProject
Project("{FAE04EC0-301F-11D3-BF4B-00C04F79EFBC}") = "Tyuiu.VikolAS.Sprint6.Task3.V29.Test", "Tyuiu.VikolAS.Sprint6.Task3.V29.Test\Tyuiu.VikolAS.Sprint6.Task3.V29.Test.csproj", "{88FF9EB6-76D3-4FE4-8E58-82F8639BE660}"
EndProject
Project("{2150E333-8FDC-42A3-9474-1A3956D46DE8}") = "Task4", "Task4", "{1BE49A9A-09CF-49F7-B5A6-731D04ACBFF0}"
EndProject
Project("{FAE04EC0-301F-11D3-BF4B-00C04F79EFBC}") = "Tyuiu.VikolAS.Sprint6.Task4.V3", "Tyuiu.VikolAS.Sprint6.Task4.V3\Tyuiu.VikolAS.Sprint6.Task4.V3.csproj", "{3DE6B8C9-3328-4CFF-8ADA-8CBD34E1C580}"
EndProject
Project("{FAE04EC0-301F-11D3-BF4B-00C04F79EFBC}") = "Tyuiu.VikolAS.Sprint6.Task4.V3.Test", "Tyuiu.VikolAS.Sprint6.Task4.V3.Test\Tyuiu.VikolAS.Sprint6.Task4.V3.Test.csproj", "{751433D0-93BB-4D9A-8E8C-0FEAFD947AD5}"
EndProject
Project("{FAE04EC0-301F-11D3-BF4B-00C04F79EFBC}") = "Tyuiu.VikolAS.Sprint6.Task4.V3.Lib", "Tyuiu.VikolAS.Sprint6.Task4.V3.Lib\Tyuiu.VikolAS.Sprint6.Task4.V3.Lib.csproj", "{3E6D8F1D-F41E-4AE9-B271-C1E30EBBCDFD}"
EndProject
Project("{2150E333-8FDC-42A3-9474-1A3956D46DE8}") = "Task5", "Task5", "{BE16BD6E-E0CD-41B2-81EF-E04238870459}"
EndProject
Project("{FAE04EC0-301F-11D3-BF4B-00C04F79EFBC}") = "Tyuiu.VikolAS.Sprint6.Task5.V27", "Tyuiu.VikolAS.Sprint6.Task5.V27\Tyuiu.VikolAS.Sprint6.Task5.V27.csproj", "{27DF921F-B5BF-4450-8470-2B3619780118}"
EndProject
Project("{FAE04EC0-301F-11D3-BF4B-00C04F79EFBC}") = "Tyuiu.VikolAS.Sprint6.Task5.V27.Lib", "Tyuiu.VikolAS.Sprint6.Task5.V27.Lib\Tyuiu.VikolAS.Sprint6.Task5.V27.Lib.csproj", "{D3727B57-1BEE-4A80-BFCE-EC778954CAA0}"
EndProject
Project("{FAE04EC0-301F-11D3-BF4B-00C04F79EFBC}") = "Tyuiu.VikolAS.Sprint6.Task5.V27.Test", "Tyuiu.VikolAS.Sprint6.Task5.V27.Test\Tyuiu.VikolAS.Sprint6.Task5.V27.Test.csproj", "{7ED5E26A-938F-4C8C-98AB-5E82270FB01C}"
EndProject
Project("{2150E333-8FDC-42A3-9474-1A3956D46DE8}") = "Task6", "Task6", "{F4F6E386-9E0D-4D0E-97AB-FD92E518B3B3}"
EndProject
Project("{FAE04EC0-301F-11D3-BF4B-00C04F79EFBC}") = "Tyuiu.VikolAS.Sprint6.Task6.V6", "Tyuiu.VikolAS.Sprint6.Task6.V6\Tyuiu.VikolAS.Sprint6.Task6.V6.csproj", "{813CA3F2-0A04-41E2-B103-C6904101E8BC}"
EndProject
Project("{FAE04EC0-301F-11D3-BF4B-00C04F79EFBC}") = "Tyuiu.VikolAS.Sprint6.Task6.V6.Lib", "Tyuiu.VikolAS.Sprint6.Task6.V6.Lib\Tyuiu.VikolAS.Sprint6.Task6.V6.Lib.csproj", "{EA40272D-E1FC-42FC-8345-2FD0735D097A}"
EndProject
Project("{FAE04EC0-301F-11D3-BF4B-00C04F79EFBC}") = "Tyuiu.VikolAS.Sprint6.Task6.V6.Test", "Tyuiu.VikolAS.Sprint6.Task6.V6.Test\Tyuiu.VikolAS.Sprint6.Task6.V6.Test.csproj", "{E4128037-5783-424A-A8B8-D0F14574ECEF}"
EndProject
Project("{2150E333-8FDC-42A3-9474-1A3956D46DE8}") = "Task7", "Task7", "{37A0F0F4-4A7C-4386-8225-BD67BF3F20BC}"
EndProject
Project("{FAE04EC0-301F-11D3-BF4B-00C04F79EFBC}") = "Tyuiu.VikolAS.Sprint6.Task7.V27", "Tyuiu.VikolAS.Sprint6.Task7.V27\Tyuiu.VikolAS.Sprint6.Task7.V27.csproj", "{87DDD896-77C6-40D1-883C-B60886F1EA18}"
EndProject
Project("{FAE04EC0-301F-11D3-BF4B-00C04F79EFBC}") = "Tyuiu.VikolAS.Sprint6.Task7.V27.Lib", "Tyuiu.VikolAS.Sprint6.Task7.V27.Lib\Tyuiu.VikolAS.Sprint6.Task7.V27.Lib.csproj", "{901E9324-99AC-488C-9989-7F0D2924D44D}"
EndProject
Project("{FAE04EC0-301F-11D3-BF4B-00C04F79EFBC}") = "Tyuiu.VikolAS.Sprint6.Task7.V27.Test", "Tyuiu.VikolAS.Sprint6.Task7.V27.Test\Tyuiu.VikolAS.Sprint6.Task7.V27.Test.csproj", "{712F6C2F-A1C8-4706-8CE2-A18D5DAE9D2A}"
EndProject
Global
	GlobalSection(SolutionConfigurationPlatforms) = preSolution
		Debug|Any CPU = Debug|Any CPU
		Release|Any CPU = Release|Any CPU
	EndGlobalSection
	GlobalSection(ProjectConfigurationPlatforms) = postSolution
		{B7FF16DE-9ED4-409D-BAC9-6748B22BA4A2}.Debug|Any CPU.ActiveCfg = Debug|Any CPU
		{B7FF16DE-9ED4-409D-BAC9-6748B22BA4A2}.Debug|Any CPU.Build.0 = Debug|Any CPU
		{B7FF16DE-9ED4-409D-BAC9-6748B22BA4A2}.Release|Any CPU.ActiveCfg = Release|Any CPU
		{B7FF16DE-9ED4-409D-BAC9-6748B22BA4A2}.Release|Any CPU.Build.0 = Release|Any CPU
		{7DBB5BE7-C1B3-4AD7-A94D-0ED724A27982}.Debug|Any CPU.ActiveCfg = Debug|Any CPU
		{7DBB5BE7-C1B3-4AD7-A94D-0ED724A27982}.Debug|Any CPU.Build.0 = Debug|Any CPU
		{7DBB5BE7-C1B3-4AD7-A94D-0ED724A27982}.Release|Any CPU.ActiveCfg = Release|Any CPU
		{7DBB5BE7-C1B3-4AD7-A94D-0ED724A27982}.Release|Any CPU.Build.0 = Release|Any CPU
		{CE3544CE-67C5-486D-BBCE-394111849CF1}.Debug|Any CPU.ActiveCfg = Debug|Any CPU
		{CE3544CE-67C5-486D-BBCE-394111849CF1}.Debug|Any CPU.Build.0 = Debug|Any CPU
		{CE3544CE-67C5-486D-BBCE-394111849CF1}.Release|Any CPU.ActiveCfg = Release|Any CPU
		{CE3544CE-67C5-486D-BBCE-394111849CF1}.Release|Any CPU.Build.0 = Release|Any CPU
		{D9E1F51C-F3C3-4AEE-8204-E64250AD5D9E}.Debug|Any CPU.ActiveCfg = Debug|Any CPU
		{D9E1F51C-F3C3-4AEE-8204-E64250AD5D9E}.Debug|Any CPU.Build.0 = Debug|Any CPU
		{D9E1F51C-F3C3-4AEE-8204-E64250AD5D9E}.Release|Any CPU.ActiveCfg = Release|Any CPU
		{D9E1F51C-F3C3-4AEE-8204-E64250AD5D9E}.Release|Any CPU.Build.0 = Release|Any CPU
		{BBA7E075-84E6-4E8B-9014-52AC2B0C0BFC}.Debug|Any CPU.ActiveCfg = Debug|Any CPU
		{BBA7E075-84E6-4E8B-9014-52AC2B0C0BFC}.Debug|Any CPU.Build.0 = Debug|Any CPU
		{BBA7E075-84E6-4E8B-9014-52AC2B0C0BFC}.Release|Any CPU.ActiveCfg = Release|Any CPU
		{BBA7E075-84E6-4E8B-9014-52AC2B0C0BFC}.Release|Any CPU.Build.0 = Release|Any CPU
		{1A288CB0-6B45-4BCA-BA95-ABA2C4A6DA97}.Debug|Any CPU.ActiveCfg = Debug|Any CPU
		{1A288CB0-6B45-4BCA-BA95-ABA2C4A6DA97}.Debug|Any CPU.Build.0 = Debug|Any CPU
		{1A288CB0-6B45-4BCA-BA95-ABA2C4A6DA97}.Release|Any CPU.ActiveCfg = Release|Any CPU
		{1A288CB0-6B45-4BCA-BA95-ABA2C4A6DA97}.Release|Any CPU.Build.0 = Release|Any CPU
		{591E26FF-5C8A-4729-A273-212834B22FC6}.Debug|Any CPU.ActiveCfg = Debug|Any CPU
		{591E26FF-5C8A-4729-A273-212834B22FC6}.Debug|Any CPU.Build.0 = Debug|Any CPU
		{591E26FF-5C8A-4729-A273-212834B22FC6}.Release|Any CPU.ActiveCfg = Release|Any CPU
		{591E26FF-5C8A-4729-A273-212834B22FC6}.Release|Any CPU.Build.0 = Release|Any CPU
		{D4833A69-BE65-41CB-AFC6-87E5A077F0AF}.Debug|Any CPU.ActiveCfg = Debug|Any CPU
		{D4833A69-BE65-41CB-AFC6-87E5A077F0AF}.Debug|Any CPU.Build.0 = Debug|Any CPU
		{D4833A69-BE65-41CB-AFC6-87E5A077F0AF}.Release|Any CPU.ActiveCfg = Release|Any CPU
		{D4833A69-BE65-41CB-AFC6-87E5A077F0AF}.Release|Any CPU.Build.0 = Release|Any CPU
		{7B5DBB0D-61FF-45C6-9A9D-A2E2E12069A1}.Debug|Any CPU.ActiveCfg = Debug|Any CPU
		{7B5DBB0D-61FF-45C6-9A9D-A2E2E12069A1}.Debug|Any CPU.Build.0 = Debug|Any CPU
		{7B5DBB0D-61FF-45C6-9A9D-A2E2E12069A1}.Release|Any CPU.ActiveCfg = Release|Any CPU
		{7B5DBB0D-61FF-45C6-9A9D-A2E2E12069A1}.Release|Any CPU.Build.0 = Release|Any CPU
		{5083DC46-B024-48D9-AB46-C0EDD112E632}.Debug|Any CPU.ActiveCfg = Debug|Any CPU
		{5083DC46-B024-48D9-AB46-C0EDD112E632}.Debug|Any CPU.Build.0 = Debug|Any CPU
		{5083DC46-B024-48D9-AB46-C0EDD112E632}.Release|Any CPU.ActiveCfg = Release|Any CPU
		{5083DC46-B024-48D9-AB46-C0EDD112E632}.Release|Any CPU.Build.0 = Release|Any CPU
		{ED733424-27CA-435B-8C95-3E3AC6492440}.Debug|Any CPU.ActiveCfg = Debug|Any CPU
		{ED733424-27CA-435B-8C95-3E3AC6492440}.Debug|Any CPU.Build.0 = Debug|Any CPU
		{ED733424-27CA-435B-8C95-3E3AC6492440}.Release|Any CPU.ActiveCfg = Release|Any CPU
		{ED733424-27CA-435B-8C95-3E3AC6492440}.Release|Any CPU.Build.0 = Release|Any CPU
		{88FF9EB6-76D3-4FE4-8E58-82F8639BE660}.Debug|Any CPU.ActiveCfg = Debug|Any CPU
		{88FF9EB6-76D3-4FE4-8E58-82F8639BE660}.Debug|Any CPU.Build.0 = Debug|Any CPU
		{88FF9EB6-76D3-4FE4-8E58-82F8639BE660}.Release|Any CPU.ActiveCfg = Release|Any CPU
		{88FF9EB6-76D3-4FE4-8E58-82F8639BE660}.Release|Any CPU.Build.0 = Release|Any CPU
		{3DE6B8C9-3328-4CFF-8ADA-8CBD34E1C580}.Debug|Any CPU.ActiveCfg = Debug|Any CPU
		{3DE6B8C9-3328-4CFF-8ADA-8CBD34E1C580}.Debug|Any CPU.Build.0 = Debug|Any CPU
		{3DE6B8C9-3328-4CFF-8ADA-8CBD34E1C580}.Release|Any CPU.ActiveCfg = Release|Any CPU
		{3DE6B8C9-3328-4CFF-8ADA-8CBD34E1C580}.Release|Any CPU.Build.0 = Release|Any CPU
		{751433D0-93BB-4D9A-8E8C-0FEAFD947AD5}.Debug|Any CPU.ActiveCfg = Debug|Any CPU
		{751433D0-93BB-4D9A-8E8C-0FEAFD947AD5}.Debug|Any CPU.Build.0 = Debug|Any CPU
		{751433D0-93BB-4D9A-8E8C-0FEAFD947AD5}.Release|Any CPU.ActiveCfg = Release|Any CPU
		{751433D0-93BB-4D9A-8E8C-0FEAFD947AD5}.Release|Any CPU.Build.0 = Release|Any CPU
		{3E6D8F1D-F41E-4AE9-B271-C1E30EBBCDFD}.Debug|Any CPU.ActiveCfg = Debug|Any CPU
		{3E6D8F1D-F41E-4AE9-B271-C1E30EBBCDFD}.Debug|Any CPU.Build.0 = Debug|Any CPU
		{3E6D8F1D-F41E-4AE9-B271-C1E30EBBCDFD}.Release|Any CPU.ActiveCfg = Release|Any CPU
		{3E6D8F1D-F41E-4AE9-B271-C1E30EBBCDFD}.Release|Any CPU.Build.0 = Release|Any CPU
		{27DF921F-B5BF-4450-8470-2B3619780118}.Debug|Any CPU.ActiveCfg = Debug|Any CPU
		{27DF921F-B5BF-4450-8470-2B3619780118}.Debug|Any CPU.Build.0 = Debug|Any CPU
		{27DF921F-B5BF-4450-8470-2B3619780118}.Release|Any CPU.ActiveCfg = Release|Any CPU
		{27DF921F-B5BF-4450-8470-2B3619780118}.Release|Any CPU.Build.0 = Release|Any CPU
		{D3727B57-1BEE-4A80-BFCE-EC778954CAA0}.Debug|Any CPU.ActiveCfg = Debug|Any CPU
		{D3727B57-1BEE-4A80-BFCE-EC778954CAA0}.Debug|Any CPU.Build.0 = Debug|Any CPU
		{D3727B57-1BEE-4A80-BFCE-EC778954CAA0}.Release|Any CPU.ActiveCfg = Release|Any CPU
		{D3727B57-1BEE-4A80-BFCE-EC778954CAA0}.Release|Any CPU.Build.0 = Release|Any CPU
		{7ED5E26A-938F-4C8C-98AB-5E82270FB01C}.Debug|Any CPU.ActiveCfg = Debug|Any CPU
		{7ED5E26A-938F-4C8C-98AB-5E82270FB01C}.Debug|Any CPU.Build.0 = Debug|Any CPU
		{7ED5E26A-938F-4C8C-98AB-5E82270FB01C}.Release|Any CPU.ActiveCfg = Release|Any CPU
		{7ED5E26A-938F-4C8C-98AB-5E82270FB01C}.Release|Any CPU.Build.0 = Release|Any CPU
		{813CA3F2-0A04-41E2-B103-C6904101E8BC}.Debug|Any CPU.ActiveCfg = Debug|Any CPU
		{813CA3F2-0A04-41E2-B103-C6904101E8BC}.Debug|Any CPU.Build.0 = Debug|Any CPU
		{813CA3F2-0A04-41E2-B103-C6904101E8BC}.Release|Any CPU.ActiveCfg = Release|Any CPU
		{813CA3F2-0A04-41E2-B103-C6904101E8BC}.Release|Any CPU.Build.0 = Release|Any CPU
		{EA40272D-E1FC-42FC-8345-2FD0735D097A}.Debug|Any CPU.ActiveCfg = Debug|Any CPU
		{EA40272D-E1FC-42FC-8345-2FD0735D097A}.Debug|Any CPU.Build.0 = Debug|Any CPU
		{EA40272D-E1FC-42FC-8345-2FD0735D097A}.Release|Any CPU.ActiveCfg = Release|Any CPU
		{EA40272D-E1FC-42FC-8345-2FD0735D097A}.Release|Any CPU.Build.0 = Release|Any CPU
		{E4128037-5783-424A-A8B8-D0F14574ECEF}.Debug|Any CPU.ActiveCfg = Debug|Any CPU
		{E4128037-5783-424A-A8B8-D0F14574ECEF}.Debug|Any CPU.Build.0 = Debug|Any CPU
		{E4128037-5783-424A-A8B8-D0F14574ECEF}.Release|Any CPU.ActiveCfg = Release|Any CPU
		{E4128037-5783-424A-A8B8-D0F14574ECEF}.Release|Any CPU.Build.0 = Release|Any CPU
		{87DDD896-77C6-40D1-883C-B60886F1EA18}.Debug|Any CPU.ActiveCfg = Debug|Any CPU
		{87DDD896-77C6-40D1-883C-B60886F1EA18}.Debug|Any CPU.Build.0 = Debug|Any CPU
		{87DDD896-77C6-40D1-883C-B60886F1EA18}.Release|Any CPU.ActiveCfg = Release|Any CPU
		{87DDD896-77C6-40D1-883C-B60886F1EA18}.Release|Any CPU.Build.0 = Release|Any CPU
		{901E9324-99AC-488C-9989-7F0D2924D44D}.Debug|Any CPU.ActiveCfg = Debug|Any CPU
		{901E9324-99AC-488C-9989-7F0D2924D44D}.Debug|Any CPU.Build.0 = Debug|Any CPU
		{901E9324-99AC-488C-9989-7F0D2924D44D}.Release|Any CPU.ActiveCfg = Release|Any CPU
		{901E9324-99AC-488C-9989-7F0D2924D44D}.Release|Any CPU.Build.0 = Release|Any CPU
		{712F6C2F-A1C8-4706-8CE2-A18D5DAE9D2A}.Debug|Any CPU.ActiveCfg = Debug|Any CPU
		{712F6C2F-A1C8-4706-8CE2-A18D5DAE9D2A}.Debug|Any CPU.Build.0 = Debug|Any CPU
		{712F6C2F-A1C8-4706-8CE2-A18D5DAE9D2A}.Release|Any CPU.ActiveCfg = Release|Any CPU
		{712F6C2F-A1C8-4706-8CE2-A18D5DAE9D2A}.Release|Any CPU.Build.0 = Release|Any CPU
	EndGlobalSection
	GlobalSection(SolutionProperties) = preSolution
		HideSolutionNode = FALSE
	EndGlobalSection
	GlobalSection(NestedProjects) = preSolution
		{B7FF16DE-9ED4-409D-BAC9-6748B22BA4A2} = {36D591C7-65C7-A0D1-1CBC-10CDE441BDC8}
		{7DBB5BE7-C1B3-4AD7-A94D-0ED724A27982} = {36D591C7-65C7-A0D1-1CBC-10CDE441BDC8}
		{CE3544CE-67C5-486D-BBCE-394111849CF1} = {36D591C7-65C7-A0D1-1CBC-10CDE441BDC8}
		{D9E1F51C-F3C3-4AEE-8204-E64250AD5D9E} = {9EC3E9F1-7193-4484-BE48-BBE666CD9DBE}
		{BBA7E075-84E6-4E8B-9014-52AC2B0C0BFC} = {9EC3E9F1-7193-4484-BE48-BBE666CD9DBE}
		{1A288CB0-6B45-4BCA-BA95-ABA2C4A6DA97} = {9EC3E9F1-7193-4484-BE48-BBE666CD9DBE}
		{591E26FF-5C8A-4729-A273-212834B22FC6} = {F5609882-44A8-42D1-A76F-07871B4F08AE}
		{D4833A69-BE65-41CB-AFC6-87E5A077F0AF} = {F5609882-44A8-42D1-A76F-07871B4F08AE}
		{7B5DBB0D-61FF-45C6-9A9D-A2E2E12069A1} = {F5609882-44A8-42D1-A76F-07871B4F08AE}
		{5083DC46-B024-48D9-AB46-C0EDD112E632} = {02EA681E-C7D8-13C7-8484-4AC65E1B71E8}
		{ED733424-27CA-435B-8C95-3E3AC6492440} = {02EA681E-C7D8-13C7-8484-4AC65E1B71E8}
		{88FF9EB6-76D3-4FE4-8E58-82F8639BE660} = {02EA681E-C7D8-13C7-8484-4AC65E1B71E8}
		{3DE6B8C9-3328-4CFF-8ADA-8CBD34E1C580} = {1BE49A9A-09CF-49F7-B5A6-731D04ACBFF0}
		{751433D0-93BB-4D9A-8E8C-0FEAFD947AD5} = {1BE49A9A-09CF-49F7-B5A6-731D04ACBFF0}
		{3E6D8F1D-F41E-4AE9-B271-C1E30EBBCDFD} = {1BE49A9A-09CF-49F7-B5A6-731D04ACBFF0}
		{27DF921F-B5BF-4450-8470-2B3619780118} = {BE16BD6E-E0CD-41B2-81EF-E04238870459}
		{D3727B57-1BEE-4A80-BFCE-EC778954CAA0} = {BE16BD6E-E0CD-41B2-81EF-E04238870459}
		{7ED5E26A-938F-4C8C-98AB-5E82270FB01C} = {BE16BD6E-E0CD-41B2-81EF-E04238870459}
		{813CA3F2-0A04-41E2-B103-C6904101E8BC} = {F4F6E386-9E0D-4D0E-97AB-FD92E518B3B3}
		{EA40272D-E1FC-42FC-8345-2FD0735D097A} = {F4F6E386-9E0D-4D0E-97AB-FD92E518B3B3}
		{E4128037-5783-424A-A8B8-D0F14574ECEF} = {F4F6E386-9E0D-4D0E-97AB-FD92E518B3B3}
		{87DDD896-77C6-40D1-883C-B60886F1EA18} = {37A0F0F4-4A7C-4386-8225-BD67BF3F20BC}
		{901E9324-99AC-488C-9989-7F0D2924D44D} = {37A0F0F4-4A7C-4386-8225-BD67BF3F20BC}
		{712F6C2F-A1C8-4706-8CE2-A18D5DAE9D2A} = {37A0F0F4-4A7C-4386-8225-BD67BF3F20BC}
	EndGlobalSection
	GlobalSection(ExtensibilityGlobals) = postSolution
		SolutionGuid = {03EB846F-CCC4-4322-AC91-D82B2AB3E760}
	EndGlobalSection
EndGlobal
